
Microsoft Visual Studio Solution File, Format Version 12.00
# Visual Studio Version 16
VisualStudioVersion = 16.0.30204.135
MinimumVisualStudioVersion = 10.0.40219.1
Project("{FAE04EC0-301F-11D3-BF4B-00C04F79EFBC}") = "RookieMap", "RookieMap.csproj", "{0CE83AAE-0703-4508-82F2-C22449D71B42}"
EndProject
Global
	GlobalSection(SolutionConfigurationPlatforms) = preSolution
		Debug|Any CPU = Debug|Any CPU
		Release|Any CPU = Release|Any CPU
	EndGlobalSection
	GlobalSection(ProjectConfigurationPlatforms) = postSolution
		{0CE83AAE-0703-4508-82F2-C22449D71B42}.Debug|Any CPU.ActiveCfg = Debug|Any CPU
		{0CE83AAE-0703-4508-82F2-C22449D71B42}.Debug|Any CPU.Build.0 = Debug|Any CPU
		{0CE83AAE-0703-4508-82F2-C22449D71B42}.Release|Any CPU.ActiveCfg = Release|Any CPU
		{0CE83AAE-0703-4508-82F2-C22449D71B42}.Release|Any CPU.Build.0 = Release|Any CPU
	EndGlobalSection
	GlobalSection(SolutionProperties) = preSolution
		HideSolutionNode = FALSE
	EndGlobalSection
	GlobalSection(ExtensibilityGlobals) = postSolution
		SolutionGuid = {267F5429-9316-4E4B-B1B3-6B66DC12CC1D}
	EndGlobalSection
EndGlobal
